// !$*UTF8*$!
{
	archiveVersion = 1;
	classes = {
	};
	objectVersion = 50;
	objects = {

/* Begin PBXBuildFile section */
		48C4FE69250903390021758E /* AppDelegate.swift in Sources */ = {isa = PBXBuildFile; fileRef = 48C4FE68250903390021758E /* AppDelegate.swift */; };
		48C4FE6B250903390021758E /* SceneDelegate.swift in Sources */ = {isa = PBXBuildFile; fileRef = 48C4FE6A250903390021758E /* SceneDelegate.swift */; };
		48C4FE6E250903390021758E /* StanfordLecture.xcdatamodeld in Sources */ = {isa = PBXBuildFile; fileRef = 48C4FE6C250903390021758E /* StanfordLecture.xcdatamodeld */; };
		48C4FE70250903390021758E /* ContentView.swift in Sources */ = {isa = PBXBuildFile; fileRef = 48C4FE6F250903390021758E /* ContentView.swift */; };
		48C4FE722509033A0021758E /* Assets.xcassets in Resources */ = {isa = PBXBuildFile; fileRef = 48C4FE712509033A0021758E /* Assets.xcassets */; };
		48C4FE752509033A0021758E /* Preview Assets.xcassets in Resources */ = {isa = PBXBuildFile; fileRef = 48C4FE742509033A0021758E /* Preview Assets.xcassets */; };
		48C4FE782509033A0021758E /* LaunchScreen.storyboard in Resources */ = {isa = PBXBuildFile; fileRef = 48C4FE762509033A0021758E /* LaunchScreen.storyboard */; };
		48EB1A70250C6FC7006F6597 /* MemoryGame.swift in Sources */ = {isa = PBXBuildFile; fileRef = 48EB1A6F250C6FC7006F6597 /* MemoryGame.swift */; };
		48EB1A72250C8C13006F6597 /* EmojiMemoryGame.swift in Sources */ = {isa = PBXBuildFile; fileRef = 48EB1A71250C8C13006F6597 /* EmojiMemoryGame.swift */; };
/* End PBXBuildFile section */

/* Begin PBXFileReference section */
		48C4FE65250903390021758E /* StanfordLecture.app */ = {isa = PBXFileReference; explicitFileType = wrapper.application; includeInIndex = 0; path = StanfordLecture.app; sourceTree = BUILT_PRODUCTS_DIR; };
		48C4FE68250903390021758E /* AppDelegate.swift */ = {isa = PBXFileReference; lastKnownFileType = sourcecode.swift; path = AppDelegate.swift; sourceTree = "<group>"; };
		48C4FE6A250903390021758E /* SceneDelegate.swift */ = {isa = PBXFileReference; lastKnownFileType = sourcecode.swift; path = SceneDelegate.swift; sourceTree = "<group>"; };
		48C4FE6D250903390021758E /* StanfordLecture.xcdatamodel */ = {isa = PBXFileReference; lastKnownFileType = wrapper.xcdatamodel; path = StanfordLecture.xcdatamodel; sourceTree = "<group>"; };
		48C4FE6F250903390021758E /* ContentView.swift */ = {isa = PBXFileReference; lastKnownFileType = sourcecode.swift; path = ContentView.swift; sourceTree = "<group>"; };
		48C4FE712509033A0021758E /* Assets.xcassets */ = {isa = PBXFileReference; lastKnownFileType = folder.assetcatalog; path = Assets.xcassets; sourceTree = "<group>"; };
		48C4FE742509033A0021758E /* Preview Assets.xcassets */ = {isa = PBXFileReference; lastKnownFileType = folder.assetcatalog; path = "Preview Assets.xcassets"; sourceTree = "<group>"; };
		48C4FE772509033A0021758E /* Base */ = {isa = PBXFileReference; lastKnownFileType = file.storyboard; name = Base; path = Base.lproj/LaunchScreen.storyboard; sourceTree = "<group>"; };
		48C4FE792509033A0021758E /* Info.plist */ = {isa = PBXFileReference; lastKnownFileType = text.plist.xml; path = Info.plist; sourceTree = "<group>"; };
		48EB1A6F250C6FC7006F6597 /* MemoryGame.swift */ = {isa = PBXFileReference; lastKnownFileType = sourcecode.swift; path = MemoryGame.swift; sourceTree = "<group>"; };
		48EB1A71250C8C13006F6597 /* EmojiMemoryGame.swift */ = {isa = PBXFileReference; lastKnownFileType = sourcecode.swift; path = EmojiMemoryGame.swift; sourceTree = "<group>"; };
/* End PBXFileReference section */

/* Begin PBXFrameworksBuildPhase section */
		48C4FE62250903390021758E /* Frameworks */ = {
			isa = PBXFrameworksBuildPhase;
			buildActionMask = 2147483647;
			files = (
			);
			runOnlyForDeploymentPostprocessing = 0;
		};
/* End PBXFrameworksBuildPhase section */

/* Begin PBXGroup section */
		48C4FE5C250903390021758E = {
			isa = PBXGroup;
			children = (
				48C4FE67250903390021758E /* StanfordLecture */,
				48C4FE66250903390021758E /* Products */,
			);
			sourceTree = "<group>";
		};
		48C4FE66250903390021758E /* Products */ = {
			isa = PBXGroup;
			children = (
				48C4FE65250903390021758E /* StanfordLecture.app */,
			);
			name = Products;
			sourceTree = "<group>";
		};
		48C4FE67250903390021758E /* StanfordLecture */ = {
			isa = PBXGroup;
			children = (
				48C4FE68250903390021758E /* AppDelegate.swift */,
				48C4FE6A250903390021758E /* SceneDelegate.swift */,
				48C4FE6F250903390021758E /* ContentView.swift */,
				48EB1A71250C8C13006F6597 /* EmojiMemoryGame.swift */,
				48EB1A6F250C6FC7006F6597 /* MemoryGame.swift */,
				48C4FE712509033A0021758E /* Assets.xcassets */,
				48C4FE762509033A0021758E /* LaunchScreen.storyboard */,
				48C4FE792509033A0021758E /* Info.plist */,
				48C4FE6C250903390021758E /* StanfordLecture.xcdatamodeld */,
				48C4FE732509033A0021758E /* Preview Content */,
			);
			path = StanfordLecture;
			sourceTree = "<group>";
		};
		48C4FE732509033A0021758E /* Preview Content */ = {
			isa = PBXGroup;
			children = (
				48C4FE742509033A0021758E /* Preview Assets.xcassets */,
			);
			path = "Preview Content";
			sourceTree = "<group>";
		};
/* End PBXGroup section */

/* Begin PBXNativeTarget section */
		48C4FE64250903390021758E /* StanfordLecture */ = {
			isa = PBXNativeTarget;
			buildConfigurationList = 48C4FE7C2509033A0021758E /* Build configuration list for PBXNativeTarget "StanfordLecture" */;
			buildPhases = (
				48C4FE61250903390021758E /* Sources */,
				48C4FE62250903390021758E /* Frameworks */,
				48C4FE63250903390021758E /* Resources */,
			);
			buildRules = (
			);
			dependencies = (
			);
			name = StanfordLecture;
			productName = StanfordLecture;
			productReference = 48C4FE65250903390021758E /* StanfordLecture.app */;
			productType = "com.apple.product-type.application";
		};
/* End PBXNativeTarget section */

/* Begin PBXProject section */
		48C4FE5D250903390021758E /* Project object */ = {
			isa = PBXProject;
			attributes = {
				LastSwiftUpdateCheck = 1150;
				LastUpgradeCheck = 1150;
				ORGANIZATIONNAME = kipCalm;
				TargetAttributes = {
					48C4FE64250903390021758E = {
						CreatedOnToolsVersion = 11.5;
					};
				};
			};
			buildConfigurationList = 48C4FE60250903390021758E /* Build configuration list for PBXProject "StanfordLecture" */;
			compatibilityVersion = "Xcode 9.3";
			developmentRegion = en;
			hasScannedForEncodings = 0;
			knownRegions = (
				en,
				Base,
			);
			mainGroup = 48C4FE5C250903390021758E;
			productRefGroup = 48C4FE66250903390021758E /* Products */;
			projectDirPath = "";
			projectRoot = "";
			targets = (
				48C4FE64250903390021758E /* StanfordLecture */,
			);
		};
/* End PBXProject section */

/* Begin PBXResourcesBuildPhase section */
		48C4FE63250903390021758E /* Resources */ = {
			isa = PBXResourcesBuildPhase;
			buildActionMask = 2147483647;
			files = (
				48C4FE782509033A0021758E /* LaunchScreen.storyboard in Resources */,
				48C4FE752509033A0021758E /* Preview Assets.xcassets in Resources */,
				48C4FE722509033A0021758E /* Assets.xcassets in Resources */,
			);
			runOnlyForDeploymentPostprocessing = 0;
		};
/* End PBXResourcesBuildPhase section */

/* Begin PBXSourcesBuildPhase section */
		48C4FE61250903390021758E /* Sources */ = {
			isa = PBXSourcesBuildPhase;
			buildActionMask = 2147483647;
			files = (
				48C4FE69250903390021758E /* AppDelegate.swift in Sources */,
				48C4FE6E250903390021758E /* StanfordLecture.xcdatamodeld in Sources */,
				48EB1A70250C6FC7006F6597 /* MemoryGame.swift in Sources */,
				48C4FE70250903390021758E /* ContentView.swift in Sources */,
				48C4FE6B250903390021758E /* SceneDelegate.swift in Sources */,
				48EB1A72250C8C13006F6597 /* EmojiMemoryGame.swift in Sources */,
			);
			runOnlyForDeploymentPostprocessing = 0;
		};
/* End PBXSourcesBuildPhase section */

/* Begin PBXVariantGroup section */
		48C4FE762509033A0021758E /* LaunchScreen.storyboard */ = {
			isa = PBXVariantGroup;
			children = (
				48C4FE772509033A0021758E /* Base */,
			);
			name = LaunchScreen.storyboard;
			sourceTree = "<group>";
		};
/* End PBXVariantGroup section */

/* Begin XCBuildConfiguration section */
		48C4FE7A2509033A0021758E /* Debug */ = {
			isa = XCBuildConfiguration;
			buildSettings = {
				ALWAYS_SEARCH_USER_PATHS = NO;
				CLANG_ANALYZER_NONNULL = YES;
				CLANG_ANALYZER_NUMBER_OBJECT_CONVERSION = YES_AGGRESSIVE;
				CLANG_CXX_LANGUAGE_STANDARD = "gnu++14";
				CLANG_CXX_LIBRARY = "libc++";
				CLANG_ENABLE_MODULES = YES;
				CLANG_ENABLE_OBJC_ARC = YES;
				CLANG_ENABLE_OBJC_WEAK = YES;
				CLANG_WARN_BLOCK_CAPTURE_AUTORELEASING = YES;
				CLANG_WARN_BOOL_CONVERSION = YES;
				CLANG_WARN_COMMA = YES;
				CLANG_WARN_CONSTANT_CONVERSION = YES;
				CLANG_WARN_DEPRECATED_OBJC_IMPLEMENTATIONS = YES;
				CLANG_WARN_DIRECT_OBJC_ISA_USAGE = YES_ERROR;
				CLANG_WARN_DOCUMENTATION_COMMENTS = YES;
				CLANG_WARN_EMPTY_BODY = YES;
				CLANG_WARN_ENUM_CONVERSION = YES;
				CLANG_WARN_INFINITE_RECURSION = YES;
				CLANG_WARN_INT_CONVERSION = YES;
				CLANG_WARN_NON_LITERAL_NULL_CONVERSION = YES;
				CLANG_WARN_OBJC_IMPLICIT_RETAIN_SELF = YES;
				CLANG_WARN_OBJC_LITERAL_CONVERSION = YES;
				CLANG_WARN_OBJC_ROOT_CLASS = YES_ERROR;
				CLANG_WARN_RANGE_LOOP_ANALYSIS = YES;
				CLANG_WARN_STRICT_PROTOTYPES = YES;
				CLANG_WARN_SUSPICIOUS_MOVE = YES;
				CLANG_WARN_UNGUARDED_AVAILABILITY = YES_AGGRESSIVE;
				CLANG_WARN_UNREACHABLE_CODE = YES;
				CLANG_WARN__DUPLICATE_METHOD_MATCH = YES;
				COPY_PHASE_STRIP = NO;
				DEBUG_INFORMATION_FORMAT = dwarf;
				ENABLE_STRICT_OBJC_MSGSEND = YES;
				ENABLE_TESTABILITY = YES;
				GCC_C_LANGUAGE_STANDARD = gnu11;
				GCC_DYNAMIC_NO_PIC = NO;
				GCC_NO_COMMON_BLOCKS = YES;
				GCC_OPTIMIZATION_LEVEL = 0;
				GCC_PREPROCESSOR_DEFINITIONS = (
					"DEBUG=1",
					"$(inherited)",
				);
				GCC_WARN_64_TO_32_BIT_CONVERSION = YES;
				GCC_WARN_ABOUT_RETURN_TYPE = YES_ERROR;
				GCC_WARN_UNDECLARED_SELECTOR = YES;
				GCC_WARN_UNINITIALIZED_AUTOS = YES_AGGRESSIVE;
				GCC_WARN_UNUSED_FUNCTION = YES;
				GCC_WARN_UNUSED_VARIABLE = YES;
				IPHONEOS_DEPLOYMENT_TARGET = 13.5;
				MTL_ENABLE_DEBUG_INFO = INCLUDE_SOURCE;
				MTL_FAST_MATH = YES;
				ONLY_ACTIVE_ARCH = YES;
				SDKROOT = iphoneos;
				SWIFT_ACTIVE_COMPILATION_CONDITIONS = DEBUG;
				SWIFT_OPTIMIZATION_LEVEL = "-Onone";
			};
			name = Debug;
		};
		48C4FE7B2509033A0021758E /* Release */ = {
			isa = XCBuildConfiguration;
			buildSettings = {
				ALWAYS_SEARCH_USER_PATHS = NO;
				CLANG_ANALYZER_NONNULL = YES;
				CLANG_ANALYZER_NUMBER_OBJECT_CONVERSION = YES_AGGRESSIVE;
				CLANG_CXX_LANGUAGE_STANDARD = "gnu++14";
				CLANG_CXX_LIBRARY = "libc++";
				CLANG_ENABLE_MODULES = YES;
				CLANG_ENABLE_OBJC_ARC = YES;
				CLANG_ENABLE_OBJC_WEAK = YES;
				CLANG_WARN_BLOCK_CAPTURE_AUTORELEASING = YES;
				CLANG_WARN_BOOL_CONVERSION = YES;
				CLANG_WARN_COMMA = YES;
				CLANG_WARN_CONSTANT_CONVERSION = YES;
				CLANG_WARN_DEPRECATED_OBJC_IMPLEMENTATIONS = YES;
				CLANG_WARN_DIRECT_OBJC_ISA_USAGE = YES_ERROR;
				CLANG_WARN_DOCUMENTATION_COMMENTS = YES;
				CLANG_WARN_EMPTY_BODY = YES;
				CLANG_WARN_ENUM_CONVERSION = YES;
				CLANG_WARN_INFINITE_RECURSION = YES;
				CLANG_WARN_INT_CONVERSION = YES;
				CLANG_WARN_NON_LITERAL_NULL_CONVERSION = YES;
				CLANG_WARN_OBJC_IMPLICIT_RETAIN_SELF = YES;
				CLANG_WARN_OBJC_LITERAL_CONVERSION = YES;
				CLANG_WARN_OBJC_ROOT_CLASS = YES_ERROR;
				CLANG_WARN_RANGE_LOOP_ANALYSIS = YES;
				CLANG_WARN_STRICT_PROTOTYPES = YES;
				CLANG_WARN_SUSPICIOUS_MOVE = YES;
				CLANG_WARN_UNGUARDED_AVAILABILITY = YES_AGGRESSIVE;
				CLANG_WARN_UNREACHABLE_CODE = YES;
				CLANG_WARN__DUPLICATE_METHOD_MATCH = YES;
				COPY_PHASE_STRIP = NO;
				DEBUG_INFORMATION_FORMAT = "dwarf-with-dsym";
				ENABLE_NS_ASSERTIONS = NO;
				ENABLE_STRICT_OBJC_MSGSEND = YES;
				GCC_C_LANGUAGE_STANDARD = gnu11;
				GCC_NO_COMMON_BLOCKS = YES;
				GCC_WARN_64_TO_32_BIT_CONVERSION = YES;
				GCC_WARN_ABOUT_RETURN_TYPE = YES_ERROR;
				GCC_WARN_UNDECLARED_SELECTOR = YES;
				GCC_WARN_UNINITIALIZED_AUTOS = YES_AGGRESSIVE;
				GCC_WARN_UNUSED_FUNCTION = YES;
				GCC_WARN_UNUSED_VARIABLE = YES;
				IPHONEOS_DEPLOYMENT_TARGET = 13.5;
				MTL_ENABLE_DEBUG_INFO = NO;
				MTL_FAST_MATH = YES;
				SDKROOT = iphoneos;
				SWIFT_COMPILATION_MODE = wholemodule;
				SWIFT_OPTIMIZATION_LEVEL = "-O";
				VALIDATE_PRODUCT = YES;
			};
			name = Release;
		};
		48C4FE7D2509033A0021758E /* Debug */ = {
			isa = XCBuildConfiguration;
			buildSettings = {
				ASSETCATALOG_COMPILER_APPICON_NAME = AppIcon;
				CODE_SIGN_STYLE = Automatic;
				DEVELOPMENT_ASSET_PATHS = "\"StanfordLecture/Preview Content\"";
				ENABLE_PREVIEWS = YES;
				INFOPLIST_FILE = StanfordLecture/Info.plist;
				LD_RUNPATH_SEARCH_PATHS = (
					"$(inherited)",
					"@executable_path/Frameworks",
				);
				PRODUCT_BUNDLE_IDENTIFIER = com.StanfordLecture;
				PRODUCT_NAME = "$(TARGET_NAME)";
				SWIFT_VERSION = 5.0;
				TARGETED_DEVICE_FAMILY = "1,2";
			};
			name = Debug;
		};
		48C4FE7E2509033A0021758E /* Release */ = {
			isa = XCBuildConfiguration;
			buildSettings = {
				ASSETCATALOG_COMPILER_APPICON_NAME = AppIcon;
				CODE_SIGN_STYLE = Automatic;
				DEVELOPMENT_ASSET_PATHS = "\"StanfordLecture/Preview Content\"";
				ENABLE_PREVIEWS = YES;
				INFOPLIST_FILE = StanfordLecture/Info.plist;
				LD_RUNPATH_SEARCH_PATHS = (
					"$(inherited)",
					"@executable_path/Frameworks",
				);
				PRODUCT_BUNDLE_IDENTIFIER = com.StanfordLecture;
				PRODUCT_NAME = "$(TARGET_NAME)";
				SWIFT_VERSION = 5.0;
				TARGETED_DEVICE_FAMILY = "1,2";
			};
			name = Release;
		};
/* End XCBuildConfiguration section */

/* Begin XCConfigurationList section */
		48C4FE60250903390021758E /* Build configuration list for PBXProject "StanfordLecture" */ = {
			isa = XCConfigurationList;
			buildConfigurations = (
				48C4FE7A2509033A0021758E /* Debug */,
				48C4FE7B2509033A0021758E /* Release */,
			);
			defaultConfigurationIsVisible = 0;
			defaultConfigurationName = Release;
		};
		48C4FE7C2509033A0021758E /* Build configuration list for PBXNativeTarget "StanfordLecture" */ = {
			isa = XCConfigurationList;
			buildConfigurations = (
				48C4FE7D2509033A0021758E /* Debug */,
				48C4FE7E2509033A0021758E /* Release */,
			);
			defaultConfigurationIsVisible = 0;
			defaultConfigurationName = Release;
		};
/* End XCConfigurationList section */

/* Begin XCVersionGroup section */
		48C4FE6C250903390021758E /* StanfordLecture.xcdatamodeld */ = {
			isa = XCVersionGroup;
			children = (
				48C4FE6D250903390021758E /* StanfordLecture.xcdatamodel */,
			);
			currentVersion = 48C4FE6D250903390021758E /* StanfordLecture.xcdatamodel */;
			path = StanfordLecture.xcdatamodeld;
			sourceTree = "<group>";
			versionGroupType = wrapper.xcdatamodel;
		};
/* End XCVersionGroup section */
	};
	rootObject = 48C4FE5D250903390021758E /* Project object */;
}
